// !$*UTF8*$!
{
	archiveVersion = 1;
	classes = {
	};
	objectVersion = 77;
	objects = {

/* Begin PBXBuildFile section */
		4E6CEE9F301403A3000B94DF /* WidgetKit.framework in Frameworks */ = {isa = PBXBuildFile; fileRef = 4E6CEE9E301403A3000B94DF /* WidgetKit.framework */; };
		4E6CEEA1301403A3000B94DF /* SwiftUI.framework in Frameworks */ = {isa = PBXBuildFile; fileRef = 4E6CEEA0301403A3000B94DF /* SwiftUI.framework */; };
		4E6CEEB0301403A4000B94DF /* BUILTWidgetsExtension.appex in Embed Foundation Extensions */ = {isa = PBXBuildFile; fileRef = 4E6CEE9C301403A3000B94DF /* BUILTWidgetsExtension.appex */; settings = {ATTRIBUTES = (RemoveHeadersOnCopy, ); }; };
		4E89B0AD3017DC1500061BF3 /* Products.storekit in Resources */ = {isa = PBXBuildFile; fileRef = 4E89B0AC3017DC1500061BF3 /* Products.storekit */; };
/* End PBXBuildFile section */

/* Begin PBXContainerItemProxy section */
		4E6CEEAE301403A4000B94DF /* PBXContainerItemProxy */ = {
			isa = PBXContainerItemProxy;
			containerPortal = 4ED0DBA73013F3FE00C9EF74 /* Project object */;
			proxyType = 1;
			remoteGlobalIDString = 4E6CEE9B301403A2000B94DF;
			remoteInfo = BUILTWidgetsExtension;
		};
		4ED0DBC03013F3FF00C9EF74 /* PBXContainerItemProxy */ = {
			isa = PBXContainerItemProxy;
			containerPortal = 4ED0DBA73013F3FE00C9EF74 /* Project object */;
			proxyType = 1;
			remoteGlobalIDString = 4ED0DBAE3013F3FE00C9EF74;
			remoteInfo = BUILT;
		};
		4ED0DBCA3013F3FF00C9EF74 /* PBXContainerItemProxy */ = {
			isa = PBXContainerItemProxy;
			containerPortal = 4ED0DBA73013F3FE00C9EF74 /* Project object */;
			proxyType = 1;
			remoteGlobalIDString = 4ED0DBAE3013F3FE00C9EF74;
			remoteInfo = BUILT;
		};
/* End PBXContainerItemProxy section */

/* Begin PBXCopyFilesBuildPhase section */
		4E6CEEB1301403A4000B94DF /* Embed Foundation Extensions */ = {
			isa = PBXCopyFilesBuildPhase;
			buildActionMask = 2147483647;
			dstPath = "";
			dstSubfolderSpec = 13;
			files = (
				4E6CEEB0301403A4000B94DF /* BUILTWidgetsExtension.appex in Embed Foundation Extensions */,
			);
			name = "Embed Foundation Extensions";
			runOnlyForDeploymentPostprocessing = 0;
		};
/* End PBXCopyFilesBuildPhase section */

/* Begin PBXFileReference section */
		4E6CEE9C301403A3000B94DF /* BUILTWidgetsExtension.appex */ = {isa = PBXFileReference; explicitFileType = "wrapper.app-extension"; includeInIndex = 0; path = BUILTWidgetsExtension.appex; sourceTree = BUILT_PRODUCTS_DIR; };
		4E6CEE9E301403A3000B94DF /* WidgetKit.framework */ = {isa = PBXFileReference; lastKnownFileType = wrapper.framework; name = WidgetKit.framework; path = System/Library/Frameworks/WidgetKit.framework; sourceTree = SDKROOT; };
		4E6CEEA0301403A3000B94DF /* SwiftUI.framework */ = {isa = PBXFileReference; lastKnownFileType = wrapper.framework; name = SwiftUI.framework; path = System/Library/Frameworks/SwiftUI.framework; sourceTree = SDKROOT; };
		4E6CEEB73014054F000B94DF /* BUILTWidgetsExtension.entitlements */ = {isa = PBXFileReference; lastKnownFileType = text.plist.entitlements; path = BUILTWidgetsExtension.entitlements; sourceTree = "<group>"; };
		4E89B0AC3017DC1500061BF3 /* Products.storekit */ = {isa = PBXFileReference; lastKnownFileType = text; path = Products.storekit; sourceTree = "<group>"; };
		4ED0DBAF3013F3FE00C9EF74 /* BUILT.app */ = {isa = PBXFileReference; explicitFileType = wrapper.application; includeInIndex = 0; path = BUILT.app; sourceTree = BUILT_PRODUCTS_DIR; };
		4ED0DBBF3013F3FF00C9EF74 /* BUILTTests.xctest */ = {isa = PBXFileReference; explicitFileType = wrapper.cfbundle; includeInIndex = 0; path = BUILTTests.xctest; sourceTree = BUILT_PRODUCTS_DIR; };
		4ED0DBC93013F3FF00C9EF74 /* BUILTUITests.xctest */ = {isa = PBXFileReference; explicitFileType = wrapper.cfbundle; includeInIndex = 0; path = BUILTUITests.xctest; sourceTree = BUILT_PRODUCTS_DIR; };
/* End PBXFileReference section */

/* Begin PBXFileSystemSynchronizedBuildFileExceptionSet section */
		4E6CEEB4301403A4000B94DF /* Exceptions for "BUILTWidgets" folder in "BUILTWidgetsExtension" target */ = {
			isa = PBXFileSystemSynchronizedBuildFileExceptionSet;
			membershipExceptions = (
				Info.plist,
			);
			target = 4E6CEE9B301403A2000B94DF /* BUILTWidgetsExtension */;
		};
		4E6CEEB930140571000B94DF /* Exceptions for "BUILT" folder in "BUILT" target */ = {
			isa = PBXFileSystemSynchronizedBuildFileExceptionSet;
			membershipExceptions = (
				Info.plist,
			);
			target = 4ED0DBAE3013F3FE00C9EF74 /* BUILT */;
		};
		4E89B0AF3017EABE00061BF3 /* Exceptions for "BUILT" folder in "BUILTWidgetsExtension" target */ = {
			isa = PBXFileSystemSynchronizedBuildFileExceptionSet;
			membershipExceptions = (
				Shared/BuiltSharedConstants.swift,
				Shared/CravingActivityAttributes.swift,
				Shared/WidgetSnapshot.swift,
				Shared/WidgetSnapshotStore.swift,
			);
			target = 4E6CEE9B301403A2000B94DF /* BUILTWidgetsExtension */;
		};
/* End PBXFileSystemSynchronizedBuildFileExceptionSet section */

/* Begin PBXFileSystemSynchronizedRootGroup section */
		4E6CEEA2301403A3000B94DF /* BUILTWidgets */ = {
			isa = PBXFileSystemSynchronizedRootGroup;
			exceptions = (
				4E6CEEB4301403A4000B94DF /* Exceptions for "BUILTWidgets" folder in "BUILTWidgetsExtension" target */,
			);
			path = BUILTWidgets;
			sourceTree = "<group>";
		};
		4ED0DBB13013F3FE00C9EF74 /* BUILT */ = {
			isa = PBXFileSystemSynchronizedRootGroup;
			exceptions = (
				4E6CEEB930140571000B94DF /* Exceptions for "BUILT" folder in "BUILT" target */,
				4E89B0AF3017EABE00061BF3 /* Exceptions for "BUILT" folder in "BUILTWidgetsExtension" target */,
			);
			path = BUILT;
			sourceTree = "<group>";
		};
		4ED0DBC23013F3FF00C9EF74 /* BUILTTests */ = {
			isa = PBXFileSystemSynchronizedRootGroup;
			path = BUILTTests;
			sourceTree = "<group>";
		};
		4ED0DBCC3013F3FF00C9EF74 /* BUILTUITests */ = {
			isa = PBXFileSystemSynchronizedRootGroup;
			path = BUILTUITests;
			sourceTree = "<group>";
		};
/* End PBXFileSystemSynchronizedRootGroup section */

/* Begin PBXFrameworksBuildPhase section */
		4E6CEE99301403A2000B94DF /* Frameworks */ = {
			isa = PBXFrameworksBuildPhase;
			buildActionMask = 2147483647;
			files = (
				4E6CEEA1301403A3000B94DF /* SwiftUI.framework in Frameworks */,
				4E6CEE9F301403A3000B94DF /* WidgetKit.framework in Frameworks */,
			);
			runOnlyForDeploymentPostprocessing = 0;
		};
		4ED0DBAC3013F3FE00C9EF74 /* Frameworks */ = {
			isa = PBXFrameworksBuildPhase;
			buildActionMask = 2147483647;
			files = (
			);
			runOnlyForDeploymentPostprocessing = 0;
		};
		4ED0DBBC3013F3FF00C9EF74 /* Frameworks */ = {
			isa = PBXFrameworksBuildPhase;
			buildActionMask = 2147483647;
			files = (
			);
			runOnlyForDeploymentPostprocessing = 0;
		};
		4ED0DBC63013F3FF00C9EF74 /* Frameworks */ = {
			isa = PBXFrameworksBuildPhase;
			buildActionMask = 2147483647;
			files = (
			);
			runOnlyForDeploymentPostprocessing = 0;
		};
/* End PBXFrameworksBuildPhase section */

/* Begin PBXGroup section */
		4E6CEE9D301403A3000B94DF /* Frameworks */ = {
			isa = PBXGroup;
			children = (
				4E6CEE9E301403A3000B94DF /* WidgetKit.framework */,
				4E6CEEA0301403A3000B94DF /* SwiftUI.framework */,
			);
			name = Frameworks;
			sourceTree = "<group>";
		};
		4ED0DBA63013F3FE00C9EF74 = {
			isa = PBXGroup;
			children = (
				4E89B0AC3017DC1500061BF3 /* Products.storekit */,
				4E6CEEB73014054F000B94DF /* BUILTWidgetsExtension.entitlements */,
				4ED0DBB13013F3FE00C9EF74 /* BUILT */,
				4ED0DBC23013F3FF00C9EF74 /* BUILTTests */,
				4ED0DBCC3013F3FF00C9EF74 /* BUILTUITests */,
				4E6CEEA2301403A3000B94DF /* BUILTWidgets */,
				4E6CEE9D301403A3000B94DF /* Frameworks */,
				4ED0DBB03013F3FE00C9EF74 /* Products */,
			);
			sourceTree = "<group>";
		};
		4ED0DBB03013F3FE00C9EF74 /* Products */ = {
			isa = PBXGroup;
			children = (
				4ED0DBAF3013F3FE00C9EF74 /* BUILT.app */,
				4ED0DBBF3013F3FF00C9EF74 /* BUILTTests.xctest */,
				4ED0DBC93013F3FF00C9EF74 /* BUILTUITests.xctest */,
				4E6CEE9C301403A3000B94DF /* BUILTWidgetsExtension.appex */,
			);
			name = Products;
			sourceTree = "<group>";
		};
/* End PBXGroup section */

/* Begin PBXNativeTarget section */
		4E6CEE9B301403A2000B94DF /* BUILTWidgetsExtension */ = {
			isa = PBXNativeTarget;
			buildConfigurationList = 4E6CEEB5301403A4000B94DF /* Build configuration list for PBXNativeTarget "BUILTWidgetsExtension" */;
			buildPhases = (
				4E6CEE98301403A2000B94DF /* Sources */,
				4E6CEE99301403A2000B94DF /* Frameworks */,
				4E6CEE9A301403A2000B94DF /* Resources */,
			);
			buildRules = (
			);
			dependencies = (
			);
			fileSystemSynchronizedGroups = (
				4E6CEEA2301403A3000B94DF /* BUILTWidgets */,
			);
			name = BUILTWidgetsExtension;
			packageProductDependencies = (
			);
			productName = BUILTWidgetsExtension;
			productReference = 4E6CEE9C301403A3000B94DF /* BUILTWidgetsExtension.appex */;
			productType = "com.apple.product-type.app-extension";
		};
		4ED0DBAE3013F3FE00C9EF74 /* BUILT */ = {
			isa = PBXNativeTarget;
			buildConfigurationList = 4ED0DBD33013F3FF00C9EF74 /* Build configuration list for PBXNativeTarget "BUILT" */;
			buildPhases = (
				4ED0DBAB3013F3FE00C9EF74 /* Sources */,
				4ED0DBAC3013F3FE00C9EF74 /* Frameworks */,
				4ED0DBAD3013F3FE00C9EF74 /* Resources */,
				4E6CEEB1301403A4000B94DF /* Embed Foundation Extensions */,
			);
			buildRules = (
			);
			dependencies = (
				4E6CEEAF301403A4000B94DF /* PBXTargetDependency */,
			);
			fileSystemSynchronizedGroups = (
				4ED0DBB13013F3FE00C9EF74 /* BUILT */,
			);
			name = BUILT;
			packageProductDependencies = (
			);
			productName = BUILT;
			productReference = 4ED0DBAF3013F3FE00C9EF74 /* BUILT.app */;
			productType = "com.apple.product-type.application";
		};
		4ED0DBBE3013F3FF00C9EF74 /* BUILTTests */ = {
			isa = PBXNativeTarget;
			buildConfigurationList = 4ED0DBD63013F3FF00C9EF74 /* Build configuration list for PBXNativeTarget "BUILTTests" */;
			buildPhases = (
				4ED0DBBB3013F3FF00C9EF74 /* Sources */,
				4ED0DBBC3013F3FF00C9EF74 /* Frameworks */,
				4ED0DBBD3013F3FF00C9EF74 /* Resources */,
			);
			buildRules = (
			);
			dependencies = (
				4ED0DBC13013F3FF00C9EF74 /* PBXTargetDependency */,
			);
			fileSystemSynchronizedGroups = (
				4ED0DBC23013F3FF00C9EF74 /* BUILTTests */,
			);
			name = BUILTTests;
			packageProductDependencies = (
			);
			productName = BUILTTests;
			productReference = 4ED0DBBF3013F3FF00C9EF74 /* BUILTTests.xctest */;
			productType = "com.apple.product-type.bundle.unit-test";
		};
		4ED0DBC83013F3FF00C9EF74 /* BUILTUITests */ = {
			isa = PBXNativeTarget;
			buildConfigurationList = 4ED0DBD93013F3FF00C9EF74 /* Build configuration list for PBXNativeTarget "BUILTUITests" */;
			buildPhases = (
				4ED0DBC53013F3FF00C9EF74 /* Sources */,
				4ED0DBC63013F3FF00C9EF74 /* Frameworks */,
				4ED0DBC73013F3FF00C9EF74 /* Resources */,
			);
			buildRules = (
			);
			dependencies = (
				4ED0DBCB3013F3FF00C9EF74 /* PBXTargetDependency */,
			);
			fileSystemSynchronizedGroups = (
				4ED0DBCC3013F3FF00C9EF74 /* BUILTUITests */,
			);
			name = BUILTUITests;
			packageProductDependencies = (
			);
			productName = BUILTUITests;
			productReference = 4ED0DBC93013F3FF00C9EF74 /* BUILTUITests.xctest */;
			productType = "com.apple.product-type.bundle.ui-testing";
		};
/* End PBXNativeTarget section */

/* Begin PBXProject section */
		4ED0DBA73013F3FE00C9EF74 /* Project object */ = {
			isa = PBXProject;
			attributes = {
				BuildIndependentTargetsInParallel = 1;
				LastSwiftUpdateCheck = 1620;
				LastUpgradeCheck = 1620;
				TargetAttributes = {
					4E6CEE9B301403A2000B94DF = {
						CreatedOnToolsVersion = 16.2;
					};
					4ED0DBAE3013F3FE00C9EF74 = {
						CreatedOnToolsVersion = 16.2;
					};
					4ED0DBBE3013F3FF00C9EF74 = {
						CreatedOnToolsVersion = 16.2;
						TestTargetID = 4ED0DBAE3013F3FE00C9EF74;
					};
					4ED0DBC83013F3FF00C9EF74 = {
						CreatedOnToolsVersion = 16.2;
						TestTargetID = 4ED0DBAE3013F3FE00C9EF74;
					};
				};
			};
			buildConfigurationList = 4ED0DBAA3013F3FE00C9EF74 /* Build configuration list for PBXProject "BUILT" */;
			developmentRegion = en;
			hasScannedForEncodings = 0;
			knownRegions = (
				en,
				Base,
			);
			mainGroup = 4ED0DBA63013F3FE00C9EF74;
			minimizedProjectReferenceProxies = 1;
			preferredProjectObjectVersion = 77;
			productRefGroup = 4ED0DBB03013F3FE00C9EF74 /* Products */;
			projectDirPath = "";
			projectRoot = "";
			targets = (
				4ED0DBAE3013F3FE00C9EF74 /* BUILT */,
				4ED0DBBE3013F3FF00C9EF74 /* BUILTTests */,
				4ED0DBC83013F3FF00C9EF74 /* BUILTUITests */,
				4E6CEE9B301403A2000B94DF /* BUILTWidgetsExtension */,
			);
		};
/* End PBXProject section */

/* Begin PBXResourcesBuildPhase section */
		4E6CEE9A301403A2000B94DF /* Resources */ = {
			isa = PBXResourcesBuildPhase;
			buildActionMask = 2147483647;
			files = (
			);
			runOnlyForDeploymentPostprocessing = 0;
		};
		4ED0DBAD3013F3FE00C9EF74 /* Resources */ = {
			isa = PBXResourcesBuildPhase;
			buildActionMask = 2147483647;
			files = (
				4E89B0AD3017DC1500061BF3 /* Products.storekit in Resources */,
			);
			runOnlyForDeploymentPostprocessing = 0;
		};
		4ED0DBBD3013F3FF00C9EF74 /* Resources */ = {
			isa = PBXResourcesBuildPhase;
			buildActionMask = 2147483647;
			files = (
			);
			runOnlyForDeploymentPostprocessing = 0;
		};
		4ED0DBC73013F3FF00C9EF74 /* Resources */ = {
			isa = PBXResourcesBuildPhase;
			buildActionMask = 2147483647;
			files = (
			);
			runOnlyForDeploymentPostprocessing = 0;
		};
/* End PBXResourcesBuildPhase section */

/* Begin PBXSourcesBuildPhase section */
		4E6CEE98301403A2000B94DF /* Sources */ = {
			isa = PBXSourcesBuildPhase;
			buildActionMask = 2147483647;
			files = (
			);
			runOnlyForDeploymentPostprocessing = 0;
		};
		4ED0DBAB3013F3FE00C9EF74 /* Sources */ = {
			isa = PBXSourcesBuildPhase;
			buildActionMask = 2147483647;
			files = (
			);
			runOnlyForDeploymentPostprocessing = 0;
		};
		4ED0DBBB3013F3FF00C9EF74 /* Sources */ = {
			isa = PBXSourcesBuildPhase;
			buildActionMask = 2147483647;
			files = (
			);
			runOnlyForDeploymentPostprocessing = 0;
		};
		4ED0DBC53013F3FF00C9EF74 /* Sources */ = {
			isa = PBXSourcesBuildPhase;
			buildActionMask = 2147483647;
			files = (
			);
			runOnlyForDeploymentPostprocessing = 0;
		};
/* End PBXSourcesBuildPhase section */

/* Begin PBXTargetDependency section */
		4E6CEEAF301403A4000B94DF /* PBXTargetDependency */ = {
			isa = PBXTargetDependency;
			target = 4E6CEE9B301403A2000B94DF /* BUILTWidgetsExtension */;
			targetProxy = 4E6CEEAE301403A4000B94DF /* PBXContainerItemProxy */;
		};
		4ED0DBC13013F3FF00C9EF74 /* PBXTargetDependency */ = {
			isa = PBXTargetDependency;
			target = 4ED0DBAE3013F3FE00C9EF74 /* BUILT */;
			targetProxy = 4ED0DBC03013F3FF00C9EF74 /* PBXContainerItemProxy */;
		};
		4ED0DBCB3013F3FF00C9EF74 /* PBXTargetDependency */ = {
			isa = PBXTargetDependency;
			target = 4ED0DBAE3013F3FE00C9EF74 /* BUILT */;
			targetProxy = 4ED0DBCA3013F3FF00C9EF74 /* PBXContainerItemProxy */;
		};
/* End PBXTargetDependency section */

/* Begin XCBuildConfiguration section */
		4E6CEEB2301403A4000B94DF /* Debug */ = {
			isa = XCBuildConfiguration;
			buildSettings = {
				ASSETCATALOG_COMPILER_GLOBAL_ACCENT_COLOR_NAME = AccentColor;
				ASSETCATALOG_COMPILER_WIDGET_BACKGROUND_COLOR_NAME = WidgetBackground;
				CODE_SIGN_ENTITLEMENTS = BUILTWidgetsExtension.entitlements;
				CODE_SIGN_STYLE = Automatic;
				CURRENT_PROJECT_VERSION = 1;
				DEVELOPMENT_TEAM = 9AQ8K6YSLK;
				GENERATE_INFOPLIST_FILE = YES;
				INFOPLIST_FILE = BUILTWidgets/Info.plist;
				INFOPLIST_KEY_CFBundleDisplayName = BUILTWidgets;
				INFOPLIST_KEY_NSHumanReadableCopyright = "";
				LD_RUNPATH_SEARCH_PATHS = (
					"$(inherited)",
					"@executable_path/Frameworks",
					"@executable_path/../../Frameworks",
				);
				MARKETING_VERSION = 1.0;
				PRODUCT_BUNDLE_IDENTIFIER = com.sutej.BUILT.BUILTWidgets;
				PRODUCT_NAME = "$(TARGET_NAME)";
				SKIP_INSTALL = YES;
				SWIFT_EMIT_LOC_STRINGS = YES;
				SWIFT_VERSION = 5.0;
				TARGETED_DEVICE_FAMILY = "1,2";
			};
			name = Debug;
		};
		4E6CEEB3301403A4000B94DF /* Release */ = {
			isa = XCBuildConfiguration;
			buildSettings = {
				ASSETCATALOG_COMPILER_GLOBAL_ACCENT_COLOR_NAME = AccentColor;
				ASSETCATALOG_COMPILER_WIDGET_BACKGROUND_COLOR_NAME = WidgetBackground;
				CODE_SIGN_ENTITLEMENTS = BUILTWidgetsExtension.entitlements;
				CODE_SIGN_STYLE = Automatic;
				CURRENT_PROJECT_VERSION = 1;
				DEVELOPMENT_TEAM = 9AQ8K6YSLK;
				GENERATE_INFOPLIST_FILE = YES;
				INFOPLIST_FILE = BUILTWidgets/Info.plist;
				INFOPLIST_KEY_CFBundleDisplayName = BUILTWidgets;
				INFOPLIST_KEY_NSHumanReadableCopyright = "";
				LD_RUNPATH_SEARCH_PATHS = (
					"$(inherited)",
					"@executable_path/Frameworks",
					"@executable_path/../../Frameworks",
				);
				MARKETING_VERSION = 1.0;
				PRODUCT_BUNDLE_IDENTIFIER = com.sutej.BUILT.BUILTWidgets;
				PRODUCT_NAME = "$(TARGET_NAME)";
				SKIP_INSTALL = YES;
				SWIFT_EMIT_LOC_STRINGS = YES;
				SWIFT_VERSION = 5.0;
				TARGETED_DEVICE_FAMILY = "1,2";
			};
			name = Release;
		};
		4ED0DBD13013F3FF00C9EF74 /* Debug */ = {
			isa = XCBuildConfiguration;
			buildSettings = {
				ALWAYS_SEARCH_USER_PATHS = NO;
				ASSETCATALOG_COMPILER_GENERATE_SWIFT_ASSET_SYMBOL_EXTENSIONS = YES;
				CLANG_ANALYZER_NONNULL = YES;
				CLANG_ANALYZER_NUMBER_OBJECT_CONVERSION = YES_AGGRESSIVE;
				CLANG_CXX_LANGUAGE_STANDARD = "gnu++20";
				CLANG_ENABLE_MODULES = YES;
				CLANG_ENABLE_OBJC_ARC = YES;
				CLANG_ENABLE_OBJC_WEAK = YES;
				CLANG_WARN_BLOCK_CAPTURE_AUTORELEASING = YES;
				CLANG_WARN_BOOL_CONVERSION = YES;
				CLANG_WARN_COMMA = YES;
				CLANG_WARN_CONSTANT_CONVERSION = YES;
				CLANG_WARN_DEPRECATED_OBJC_IMPLEMENTATIONS = YES;
				CLANG_WARN_DIRECT_OBJC_ISA_USAGE = YES_ERROR;
				CLANG_WARN_DOCUMENTATION_COMMENTS = YES;
				CLANG_WARN_EMPTY_BODY = YES;
				CLANG_WARN_ENUM_CONVERSION = YES;
				CLANG_WARN_INFINITE_RECURSION = YES;
				CLANG_WARN_INT_CONVERSION = YES;
				CLANG_WARN_NON_LITERAL_NULL_CONVERSION = YES;
				CLANG_WARN_OBJC_IMPLICIT_RETAIN_SELF = YES;
				CLANG_WARN_OBJC_LITERAL_CONVERSION = YES;
				CLANG_WARN_OBJC_ROOT_CLASS = YES_ERROR;
				CLANG_WARN_QUOTED_INCLUDE_IN_FRAMEWORK_HEADER = YES;
				CLANG_WARN_RANGE_LOOP_ANALYSIS = YES;
				CLANG_WARN_STRICT_PROTOTYPES = YES;
				CLANG_WARN_SUSPICIOUS_MOVE = YES;
				CLANG_WARN_UNGUARDED_AVAILABILITY = YES_AGGRESSIVE;
				CLANG_WARN_UNREACHABLE_CODE = YES;
				CLANG_WARN__DUPLICATE_METHOD_MATCH = YES;
				COPY_PHASE_STRIP = NO;
				DEBUG_INFORMATION_FORMAT = dwarf;
				ENABLE_STRICT_OBJC_MSGSEND = YES;
				ENABLE_TESTABILITY = YES;
				ENABLE_USER_SCRIPT_SANDBOXING = YES;
				GCC_C_LANGUAGE_STANDARD = gnu17;
				GCC_DYNAMIC_NO_PIC = NO;
				GCC_NO_COMMON_BLOCKS = YES;
				GCC_OPTIMIZATION_LEVEL = 0;
				GCC_PREPROCESSOR_DEFINITIONS = (
					"DEBUG=1",
					"$(inherited)",
				);
				GCC_WARN_64_TO_32_BIT_CONVERSION = YES;
				GCC_WARN_ABOUT_RETURN_TYPE = YES_ERROR;
				GCC_WARN_UNDECLARED_SELECTOR = YES;
				GCC_WARN_UNINITIALIZED_AUTOS = YES_AGGRESSIVE;
				GCC_WARN_UNUSED_FUNCTION = YES;
				GCC_WARN_UNUSED_VARIABLE = YES;
				IPHONEOS_DEPLOYMENT_TARGET = 18.2;
				LOCALIZATION_PREFERS_STRING_CATALOGS = YES;
				MTL_ENABLE_DEBUG_INFO = INCLUDE_SOURCE;
				MTL_FAST_MATH = YES;
				ONLY_ACTIVE_ARCH = YES;
				SDKROOT = iphoneos;
				SWIFT_ACTIVE_COMPILATION_CONDITIONS = "DEBUG $(inherited)";
				SWIFT_OPTIMIZATION_LEVEL = "-Onone";
			};
			name = Debug;
		};
		4ED0DBD23013F3FF00C9EF74 /* Release */ = {
			isa = XCBuildConfiguration;
			buildSettings = {
				ALWAYS_SEARCH_USER_PATHS = NO;
				ASSETCATALOG_COMPILER_GENERATE_SWIFT_ASSET_SYMBOL_EXTENSIONS = YES;
				CLANG_ANALYZER_NONNULL = YES;
				CLANG_ANALYZER_NUMBER_OBJECT_CONVERSION = YES_AGGRESSIVE;
				CLANG_CXX_LANGUAGE_STANDARD = "gnu++20";
				CLANG_ENABLE_MODULES = YES;
				CLANG_ENABLE_OBJC_ARC = YES;
				CLANG_ENABLE_OBJC_WEAK = YES;
				CLANG_WARN_BLOCK_CAPTURE_AUTORELEASING = YES;
				CLANG_WARN_BOOL_CONVERSION = YES;
				CLANG_WARN_COMMA = YES;
				CLANG_WARN_CONSTANT_CONVERSION = YES;
				CLANG_WARN_DEPRECATED_OBJC_IMPLEMENTATIONS = YES;
				CLANG_WARN_DIRECT_OBJC_ISA_USAGE = YES_ERROR;
				CLANG_WARN_DOCUMENTATION_COMMENTS = YES;
				CLANG_WARN_EMPTY_BODY = YES;
				CLANG_WARN_ENUM_CONVERSION = YES;
				CLANG_WARN_INFINITE_RECURSION = YES;
				CLANG_WARN_INT_CONVERSION = YES;
				CLANG_WARN_NON_LITERAL_NULL_CONVERSION = YES;
				CLANG_WARN_OBJC_IMPLICIT_RETAIN_SELF = YES;
				CLANG_WARN_OBJC_LITERAL_CONVERSION = YES;
				CLANG_WARN_OBJC_ROOT_CLASS = YES_ERROR;
				CLANG_WARN_QUOTED_INCLUDE_IN_FRAMEWORK_HEADER = YES;
				CLANG_WARN_RANGE_LOOP_ANALYSIS = YES;
				CLANG_WARN_STRICT_PROTOTYPES = YES;
				CLANG_WARN_SUSPICIOUS_MOVE = YES;
				CLANG_WARN_UNGUARDED_AVAILABILITY = YES_AGGRESSIVE;
				CLANG_WARN_UNREACHABLE_CODE = YES;
				CLANG_WARN__DUPLICATE_METHOD_MATCH = YES;
				COPY_PHASE_STRIP = NO;
				DEBUG_INFORMATION_FORMAT = "dwarf-with-dsym";
				ENABLE_NS_ASSERTIONS = NO;
				ENABLE_STRICT_OBJC_MSGSEND = YES;
				ENABLE_USER_SCRIPT_SANDBOXING = YES;
				GCC_C_LANGUAGE_STANDARD = gnu17;
				GCC_NO_COMMON_BLOCKS = YES;
				GCC_WARN_64_TO_32_BIT_CONVERSION = YES;
				GCC_WARN_ABOUT_RETURN_TYPE = YES_ERROR;
				GCC_WARN_UNDECLARED_SELECTOR = YES;
				GCC_WARN_UNINITIALIZED_AUTOS = YES_AGGRESSIVE;
				GCC_WARN_UNUSED_FUNCTION = YES;
				GCC_WARN_UNUSED_VARIABLE = YES;
				IPHONEOS_DEPLOYMENT_TARGET = 18.2;
				LOCALIZATION_PREFERS_STRING_CATALOGS = YES;
				MTL_ENABLE_DEBUG_INFO = NO;
				MTL_FAST_MATH = YES;
				SDKROOT = iphoneos;
				SWIFT_COMPILATION_MODE = wholemodule;
				VALIDATE_PRODUCT = YES;
			};
			name = Release;
		};
		4ED0DBD43013F3FF00C9EF74 /* Debug */ = {
			isa = XCBuildConfiguration;
			buildSettings = {
				ASSETCATALOG_COMPILER_APPICON_NAME = AppIcon;
				ASSETCATALOG_COMPILER_GLOBAL_ACCENT_COLOR_NAME = AccentColor;
				CODE_SIGN_ENTITLEMENTS = BUILT/BUILT.entitlements;
				CODE_SIGN_STYLE = Automatic;
				CURRENT_PROJECT_VERSION = 1;
				DEVELOPMENT_ASSET_PATHS = "\"BUILT/Preview Content\"";
				DEVELOPMENT_TEAM = 9AQ8K6YSLK;
				ENABLE_PREVIEWS = YES;
				GENERATE_INFOPLIST_FILE = YES;
				INFOPLIST_FILE = BUILT/Info.plist;
				INFOPLIST_KEY_LSApplicationCategoryType = "";
				INFOPLIST_KEY_NSHealthShareUsageDescription = "BUILT reads your workout and active energy data to show the training you have completed since quitting smoking.";
				INFOPLIST_KEY_NSSupportsLiveActivities = YES;
				INFOPLIST_KEY_UIApplicationSceneManifest_Generation = YES;
				INFOPLIST_KEY_UIApplicationSupportsIndirectInputEvents = YES;
				INFOPLIST_KEY_UILaunchScreen_Generation = YES;
				INFOPLIST_KEY_UISupportedInterfaceOrientations_iPad = "UIInterfaceOrientationPortrait UIInterfaceOrientationPortraitUpsideDown UIInterfaceOrientationLandscapeLeft UIInterfaceOrientationLandscapeRight";
				INFOPLIST_KEY_UISupportedInterfaceOrientations_iPhone = "UIInterfaceOrientationPortrait UIInterfaceOrientationLandscapeLeft UIInterfaceOrientationLandscapeRight";
				LD_RUNPATH_SEARCH_PATHS = (
					"$(inherited)",
					"@executable_path/Frameworks",
				);
				MARKETING_VERSION = 1.0;
				PRODUCT_BUNDLE_IDENTIFIER = com.sutej.BUILT;
				PRODUCT_NAME = "$(TARGET_NAME)";
				SWIFT_EMIT_LOC_STRINGS = YES;
				SWIFT_VERSION = 5.0;
				TARGETED_DEVICE_FAMILY = "1,2";
			};
			name = Debug;
		};
		4ED0DBD53013F3FF00C9EF74 /* Release */ = {
			isa = XCBuildConfiguration;
			buildSettings = {
				ASSETCATALOG_COMPILER_APPICON_NAME = AppIcon;
				ASSETCATALOG_COMPILER_GLOBAL_ACCENT_COLOR_NAME = AccentColor;
				CODE_SIGN_ENTITLEMENTS = BUILT/BUILT.entitlements;
				CODE_SIGN_STYLE = Automatic;
				CURRENT_PROJECT_VERSION = 1;
				DEVELOPMENT_ASSET_PATHS = "\"BUILT/Preview Content\"";
				DEVELOPMENT_TEAM = 9AQ8K6YSLK;
				ENABLE_PREVIEWS = YES;
				GENERATE_INFOPLIST_FILE = YES;
				INFOPLIST_FILE = BUILT/Info.plist;
				INFOPLIST_KEY_LSApplicationCategoryType = "";
				INFOPLIST_KEY_NSHealthShareUsageDescription = "BUILT reads your workout and active energy data to show the training you have completed since quitting smoking.";
				INFOPLIST_KEY_NSSupportsLiveActivities = YES;
				INFOPLIST_KEY_UIApplicationSceneManifest_Generation = YES;
				INFOPLIST_KEY_UIApplicationSupportsIndirectInputEvents = YES;
				INFOPLIST_KEY_UILaunchScreen_Generation = YES;
				INFOPLIST_KEY_UISupportedInterfaceOrientations_iPad = "UIInterfaceOrientationPortrait UIInterfaceOrientationPortraitUpsideDown UIInterfaceOrientationLandscapeLeft UIInterfaceOrientationLandscapeRight";
				INFOPLIST_KEY_UISupportedInterfaceOrientations_iPhone = "UIInterfaceOrientationPortrait UIInterfaceOrientationLandscapeLeft UIInterfaceOrientationLandscapeRight";
				LD_RUNPATH_SEARCH_PATHS = (
					"$(inherited)",
					"@executable_path/Frameworks",
				);
				MARKETING_VERSION = 1.0;
				PRODUCT_BUNDLE_IDENTIFIER = com.sutej.BUILT;
				PRODUCT_NAME = "$(TARGET_NAME)";
				SWIFT_EMIT_LOC_STRINGS = YES;
				SWIFT_VERSION = 5.0;
				TARGETED_DEVICE_FAMILY = "1,2";
			};
			name = Release;
		};
		4ED0DBD73013F3FF00C9EF74 /* Debug */ = {
			isa = XCBuildConfiguration;
			buildSettings = {
				BUNDLE_LOADER = "$(TEST_HOST)";
				CODE_SIGN_STYLE = Automatic;
				CURRENT_PROJECT_VERSION = 1;
				DEVELOPMENT_TEAM = 9AQ8K6YSLK;
				GENERATE_INFOPLIST_FILE = YES;
				IPHONEOS_DEPLOYMENT_TARGET = 18.2;
				MARKETING_VERSION = 1.0;
				PRODUCT_BUNDLE_IDENTIFIER = com.sutej.BUILTTests;
				PRODUCT_NAME = "$(TARGET_NAME)";
				SWIFT_EMIT_LOC_STRINGS = NO;
				SWIFT_VERSION = 5.0;
				TARGETED_DEVICE_FAMILY = "1,2";
				TEST_HOST = "$(BUILT_PRODUCTS_DIR)/BUILT.app/$(BUNDLE_EXECUTABLE_FOLDER_PATH)/BUILT";
			};
			name = Debug;
		};
		4ED0DBD83013F3FF00C9EF74 /* Release */ = {
			isa = XCBuildConfiguration;
			buildSettings = {
				BUNDLE_LOADER = "$(TEST_HOST)";
				CODE_SIGN_STYLE = Automatic;
				CURRENT_PROJECT_VERSION = 1;
				DEVELOPMENT_TEAM = 9AQ8K6YSLK;
				GENERATE_INFOPLIST_FILE = YES;
				IPHONEOS_DEPLOYMENT_TARGET = 18.2;
				MARKETING_VERSION = 1.0;
				PRODUCT_BUNDLE_IDENTIFIER = com.sutej.BUILTTests;
				PRODUCT_NAME = "$(TARGET_NAME)";
				SWIFT_EMIT_LOC_STRINGS = NO;
				SWIFT_VERSION = 5.0;
				TARGETED_DEVICE_FAMILY = "1,2";
				TEST_HOST = "$(BUILT_PRODUCTS_DIR)/BUILT.app/$(BUNDLE_EXECUTABLE_FOLDER_PATH)/BUILT";
			};
			name = Release;
		};
		4ED0DBDA3013F3FF00C9EF74 /* Debug */ = {
			isa = XCBuildConfiguration;
			buildSettings = {
				CODE_SIGN_STYLE = Automatic;
				CURRENT_PROJECT_VERSION = 1;
				DEVELOPMENT_TEAM = 9AQ8K6YSLK;
				GENERATE_INFOPLIST_FILE = YES;
				MARKETING_VERSION = 1.0;
				PRODUCT_BUNDLE_IDENTIFIER = com.sutej.BUILTUITests;
				PRODUCT_NAME = "$(TARGET_NAME)";
				SWIFT_EMIT_LOC_STRINGS = NO;
				SWIFT_VERSION = 5.0;
				TARGETED_DEVICE_FAMILY = "1,2";
				TEST_TARGET_NAME = BUILT;
			};
			name = Debug;
		};
		4ED0DBDB3013F3FF00C9EF74 /* Release */ = {
			isa = XCBuildConfiguration;
			buildSettings = {
				CODE_SIGN_STYLE = Automatic;
				CURRENT_PROJECT_VERSION = 1;
				DEVELOPMENT_TEAM = 9AQ8K6YSLK;
				GENERATE_INFOPLIST_FILE = YES;
				MARKETING_VERSION = 1.0;
				PRODUCT_BUNDLE_IDENTIFIER = com.sutej.BUILTUITests;
				PRODUCT_NAME = "$(TARGET_NAME)";
				SWIFT_EMIT_LOC_STRINGS = NO;
				SWIFT_VERSION = 5.0;
				TARGETED_DEVICE_FAMILY = "1,2";
				TEST_TARGET_NAME = BUILT;
			};
			name = Release;
		};
/* End XCBuildConfiguration section */

/* Begin XCConfigurationList section */
		4E6CEEB5301403A4000B94DF /* Build configuration list for PBXNativeTarget "BUILTWidgetsExtension" */ = {
			isa = XCConfigurationList;
			buildConfigurations = (
				4E6CEEB2301403A4000B94DF /* Debug */,
				4E6CEEB3301403A4000B94DF /* Release */,
			);
			defaultConfigurationIsVisible = 0;
			defaultConfigurationName = Release;
		};
		4ED0DBAA3013F3FE00C9EF74 /* Build configuration list for PBXProject "BUILT" */ = {
			isa = XCConfigurationList;
			buildConfigurations = (
				4ED0DBD13013F3FF00C9EF74 /* Debug */,
				4ED0DBD23013F3FF00C9EF74 /* Release */,
			);
			defaultConfigurationIsVisible = 0;
			defaultConfigurationName = Release;
		};
		4ED0DBD33013F3FF00C9EF74 /* Build configuration list for PBXNativeTarget "BUILT" */ = {
			isa = XCConfigurationList;
			buildConfigurations = (
				4ED0DBD43013F3FF00C9EF74 /* Debug */,
				4ED0DBD53013F3FF00C9EF74 /* Release */,
			);
			defaultConfigurationIsVisible = 0;
			defaultConfigurationName = Release;
		};
		4ED0DBD63013F3FF00C9EF74 /* Build configuration list for PBXNativeTarget "BUILTTests" */ = {
			isa = XCConfigurationList;
			buildConfigurations = (
				4ED0DBD73013F3FF00C9EF74 /* Debug */,
				4ED0DBD83013F3FF00C9EF74 /* Release */,
			);
			defaultConfigurationIsVisible = 0;
			defaultConfigurationName = Release;
		};
		4ED0DBD93013F3FF00C9EF74 /* Build configuration list for PBXNativeTarget "BUILTUITests" */ = {
			isa = XCConfigurationList;
			buildConfigurations = (
				4ED0DBDA3013F3FF00C9EF74 /* Debug */,
				4ED0DBDB3013F3FF00C9EF74 /* Release */,
			);
			defaultConfigurationIsVisible = 0;
			defaultConfigurationName = Release;
		};
/* End XCConfigurationList section */
	};
	rootObject = 4ED0DBA73013F3FE00C9EF74 /* Project object */;
}
